
Microsoft Visual Studio Solution File, Format Version 11.00
# Visual Studio 2010
Project("{FAE04EC0-301F-11D3-BF4B-00C04F79EFBC}") = "Assembly-CSharp", "Assembly-CSharp.csproj", "{D07627DD-4A71-BBB4-8867-E2EC34E9561E}"
EndProject
Project("{FAE04EC0-301F-11D3-BF4B-00C04F79EFBC}") = "Oculus.VR", "Oculus.VR.csproj", "{128234DE-6427-6E71-E995-6901129C5040}"
EndProject
Project("{FAE04EC0-301F-11D3-BF4B-00C04F79EFBC}") = "Assembly-CSharp-Editor", "Assembly-CSharp-Editor.csproj", "{DCE28983-8E5D-2F99-B662-C66A473B6BDA}"
EndProject
Project("{FAE04EC0-301F-11D3-BF4B-00C04F79EFBC}") = "Oculus.VR.Scripts.Editor", "Oculus.VR.Scripts.Editor.csproj", "{BB90FEC5-ADD7-35A1-EA00-C51497D4702D}"
EndProject
Project("{FAE04EC0-301F-11D3-BF4B-00C04F79EFBC}") = "Oculus.VR.Editor", "Oculus.VR.Editor.csproj", "{EE43FCCE-9778-24E3-FAE8-1D96C984FE04}"
EndProject
Global
	GlobalSection(SolutionConfigurationPlatforms) = preSolution
		Debug|Any CPU = Debug|Any CPU
		Release|Any CPU = Release|Any CPU
	EndGlobalSection
	GlobalSection(ProjectConfigurationPlatforms) = postSolution
		{D07627DD-4A71-BBB4-8867-E2EC34E9561E}.Debug|Any CPU.ActiveCfg = Debug|Any CPU
		{D07627DD-4A71-BBB4-8867-E2EC34E9561E}.Debug|Any CPU.Build.0 = Debug|Any CPU
		{D07627DD-4A71-BBB4-8867-E2EC34E9561E}.Release|Any CPU.ActiveCfg = Release|Any CPU
		{D07627DD-4A71-BBB4-8867-E2EC34E9561E}.Release|Any CPU.Build.0 = Release|Any CPU
		{128234DE-6427-6E71-E995-6901129C5040}.Debug|Any CPU.ActiveCfg = Debug|Any CPU
		{128234DE-6427-6E71-E995-6901129C5040}.Debug|Any CPU.Build.0 = Debug|Any CPU
		{128234DE-6427-6E71-E995-6901129C5040}.Release|Any CPU.ActiveCfg = Release|Any CPU
		{128234DE-6427-6E71-E995-6901129C5040}.Release|Any CPU.Build.0 = Release|Any CPU
		{DCE28983-8E5D-2F99-B662-C66A473B6BDA}.Debug|Any CPU.ActiveCfg = Debug|Any CPU
		{DCE28983-8E5D-2F99-B662-C66A473B6BDA}.Debug|Any CPU.Build.0 = Debug|Any CPU
		{DCE28983-8E5D-2F99-B662-C66A473B6BDA}.Release|Any CPU.ActiveCfg = Release|Any CPU
		{DCE28983-8E5D-2F99-B662-C66A473B6BDA}.Release|Any CPU.Build.0 = Release|Any CPU
		{BB90FEC5-ADD7-35A1-EA00-C51497D4702D}.Debug|Any CPU.ActiveCfg = Debug|Any CPU
		{BB90FEC5-ADD7-35A1-EA00-C51497D4702D}.Debug|Any CPU.Build.0 = Debug|Any CPU
		{BB90FEC5-ADD7-35A1-EA00-C51497D4702D}.Release|Any CPU.ActiveCfg = Release|Any CPU
		{BB90FEC5-ADD7-35A1-EA00-C51497D4702D}.Release|Any CPU.Build.0 = Release|Any CPU
		{EE43FCCE-9778-24E3-FAE8-1D96C984FE04}.Debug|Any CPU.ActiveCfg = Debug|Any CPU
		{EE43FCCE-9778-24E3-FAE8-1D96C984FE04}.Debug|Any CPU.Build.0 = Debug|Any CPU
		{EE43FCCE-9778-24E3-FAE8-1D96C984FE04}.Release|Any CPU.ActiveCfg = Release|Any CPU
		{EE43FCCE-9778-24E3-FAE8-1D96C984FE04}.Release|Any CPU.Build.0 = Release|Any CPU
	EndGlobalSection
	GlobalSection(SolutionProperties) = preSolution
		HideSolutionNode = FALSE
	EndGlobalSection
	GlobalSection(MonoDevelopProperties) = preSolution
		StartupItem = Assembly-CSharp.csproj
	EndGlobalSection
EndGlobal
